// !$*UTF8*$!
{
	archiveVersion = 1;
	classes = {
	};
	objectVersion = 56;
	objects = {

/* Begin PBXBuildFile section */
		7015050D2A8A8CD300AE31D2 /* HomeVC.swift in Sources */ = {isa = PBXBuildFile; fileRef = 7015050C2A8A8CD300AE31D2 /* HomeVC.swift */; };
		70917CB02A7833E500D823C6 /* AppDelegate.swift in Sources */ = {isa = PBXBuildFile; fileRef = 70917CAF2A7833E500D823C6 /* AppDelegate.swift */; };
		70917CB22A7833E500D823C6 /* SceneDelegate.swift in Sources */ = {isa = PBXBuildFile; fileRef = 70917CB12A7833E500D823C6 /* SceneDelegate.swift */; };
		70917CB42A7833E500D823C6 /* ViewController.swift in Sources */ = {isa = PBXBuildFile; fileRef = 70917CB32A7833E500D823C6 /* ViewController.swift */; };
		70917CB72A7833E500D823C6 /* Main.storyboard in Resources */ = {isa = PBXBuildFile; fileRef = 70917CB52A7833E500D823C6 /* Main.storyboard */; };
		70917CBA2A7833E500D823C6 /* Parse_Fosquare.xcdatamodeld in Sources */ = {isa = PBXBuildFile; fileRef = 70917CB82A7833E500D823C6 /* Parse_Fosquare.xcdatamodeld */; };
		70917CBC2A7833E600D823C6 /* Assets.xcassets in Resources */ = {isa = PBXBuildFile; fileRef = 70917CBB2A7833E600D823C6 /* Assets.xcassets */; };
		70917CBF2A7833E600D823C6 /* LaunchScreen.storyboard in Resources */ = {isa = PBXBuildFile; fileRef = 70917CBD2A7833E600D823C6 /* LaunchScreen.storyboard */; };
		70C0B2902A99284000FDC1A5 /* addVC.swift in Sources */ = {isa = PBXBuildFile; fileRef = 70C0B28F2A99284000FDC1A5 /* addVC.swift */; };
		B8CFFE447BB3695934B57790 /* Pods_Parse_Fosquare.framework in Frameworks */ = {isa = PBXBuildFile; fileRef = F06D2D8376D8503239FBEFF3 /* Pods_Parse_Fosquare.framework */; };
/* End PBXBuildFile section */

/* Begin PBXFileReference section */
		6C9E2453035125981C86B5F1 /* Pods-Parse Fosquare.debug.xcconfig */ = {isa = PBXFileReference; includeInIndex = 1; lastKnownFileType = text.xcconfig; name = "Pods-Parse Fosquare.debug.xcconfig"; path = "Target Support Files/Pods-Parse Fosquare/Pods-Parse Fosquare.debug.xcconfig"; sourceTree = "<group>"; };
		7015050C2A8A8CD300AE31D2 /* HomeVC.swift */ = {isa = PBXFileReference; lastKnownFileType = sourcecode.swift; path = HomeVC.swift; sourceTree = "<group>"; };
		70917CAC2A7833E500D823C6 /* Parse Fosquare.app */ = {isa = PBXFileReference; explicitFileType = wrapper.application; includeInIndex = 0; path = "Parse Fosquare.app"; sourceTree = BUILT_PRODUCTS_DIR; };
		70917CAF2A7833E500D823C6 /* AppDelegate.swift */ = {isa = PBXFileReference; lastKnownFileType = sourcecode.swift; path = AppDelegate.swift; sourceTree = "<group>"; };
		70917CB12A7833E500D823C6 /* SceneDelegate.swift */ = {isa = PBXFileReference; lastKnownFileType = sourcecode.swift; path = SceneDelegate.swift; sourceTree = "<group>"; };
		70917CB32A7833E500D823C6 /* ViewController.swift */ = {isa = PBXFileReference; lastKnownFileType = sourcecode.swift; path = ViewController.swift; sourceTree = "<group>"; };
		70917CB62A7833E500D823C6 /* Base */ = {isa = PBXFileReference; lastKnownFileType = file.storyboard; name = Base; path = Base.lproj/Main.storyboard; sourceTree = "<group>"; };
		70917CB92A7833E500D823C6 /* Parse_Fosquare.xcdatamodel */ = {isa = PBXFileReference; lastKnownFileType = wrapper.xcdatamodel; path = Parse_Fosquare.xcdatamodel; sourceTree = "<group>"; };
		70917CBB2A7833E600D823C6 /* Assets.xcassets */ = {isa = PBXFileReference; lastKnownFileType = folder.assetcatalog; path = Assets.xcassets; sourceTree = "<group>"; };
		70917CBE2A7833E600D823C6 /* Base */ = {isa = PBXFileReference; lastKnownFileType = file.storyboard; name = Base; path = Base.lproj/LaunchScreen.storyboard; sourceTree = "<group>"; };
		70917CC02A7833E600D823C6 /* Info.plist */ = {isa = PBXFileReference; lastKnownFileType = text.plist.xml; path = Info.plist; sourceTree = "<group>"; };
		70C0B28F2A99284000FDC1A5 /* addVC.swift */ = {isa = PBXFileReference; lastKnownFileType = sourcecode.swift; path = addVC.swift; sourceTree = "<group>"; };
		E9774B29B559F99F3B7F1D57 /* Pods-Parse Fosquare.release.xcconfig */ = {isa = PBXFileReference; includeInIndex = 1; lastKnownFileType = text.xcconfig; name = "Pods-Parse Fosquare.release.xcconfig"; path = "Target Support Files/Pods-Parse Fosquare/Pods-Parse Fosquare.release.xcconfig"; sourceTree = "<group>"; };
		F06D2D8376D8503239FBEFF3 /* Pods_Parse_Fosquare.framework */ = {isa = PBXFileReference; explicitFileType = wrapper.framework; includeInIndex = 0; path = Pods_Parse_Fosquare.framework; sourceTree = BUILT_PRODUCTS_DIR; };
/* End PBXFileReference section */

/* Begin PBXFrameworksBuildPhase section */
		70917CA92A7833E500D823C6 /* Frameworks */ = {
			isa = PBXFrameworksBuildPhase;
			buildActionMask = 2147483647;
			files = (
				B8CFFE447BB3695934B57790 /* Pods_Parse_Fosquare.framework in Frameworks */,
			);
			runOnlyForDeploymentPostprocessing = 0;
		};
/* End PBXFrameworksBuildPhase section */

/* Begin PBXGroup section */
		16069079C357CF4EEDC23618 /* Frameworks */ = {
			isa = PBXGroup;
			children = (
				F06D2D8376D8503239FBEFF3 /* Pods_Parse_Fosquare.framework */,
			);
			name = Frameworks;
			sourceTree = "<group>";
		};
		70917CA32A7833E500D823C6 = {
			isa = PBXGroup;
			children = (
				70917CAE2A7833E500D823C6 /* Parse Fosquare */,
				70917CAD2A7833E500D823C6 /* Products */,
				EBF92CDEBBE2C137403FA512 /* Pods */,
				16069079C357CF4EEDC23618 /* Frameworks */,
			);
			sourceTree = "<group>";
		};
		70917CAD2A7833E500D823C6 /* Products */ = {
			isa = PBXGroup;
			children = (
				70917CAC2A7833E500D823C6 /* Parse Fosquare.app */,
			);
			name = Products;
			sourceTree = "<group>";
		};
		70917CAE2A7833E500D823C6 /* Parse Fosquare */ = {
			isa = PBXGroup;
			children = (
				70917CAF2A7833E500D823C6 /* AppDelegate.swift */,
				70917CB32A7833E500D823C6 /* ViewController.swift */,
				70917CB12A7833E500D823C6 /* SceneDelegate.swift */,
				70917CB52A7833E500D823C6 /* Main.storyboard */,
				70917CBB2A7833E600D823C6 /* Assets.xcassets */,
				70917CBD2A7833E600D823C6 /* LaunchScreen.storyboard */,
				70917CC02A7833E600D823C6 /* Info.plist */,
				70917CB82A7833E500D823C6 /* Parse_Fosquare.xcdatamodeld */,
				7015050C2A8A8CD300AE31D2 /* HomeVC.swift */,
				70C0B28F2A99284000FDC1A5 /* addVC.swift */,
			);
			path = "Parse Fosquare";
			sourceTree = "<group>";
		};
		EBF92CDEBBE2C137403FA512 /* Pods */ = {
			isa = PBXGroup;
			children = (
				6C9E2453035125981C86B5F1 /* Pods-Parse Fosquare.debug.xcconfig */,
				E9774B29B559F99F3B7F1D57 /* Pods-Parse Fosquare.release.xcconfig */,
			);
			path = Pods;
			sourceTree = "<group>";
		};
/* End PBXGroup section */

/* Begin PBXNativeTarget section */
		70917CAB2A7833E500D823C6 /* Parse Fosquare */ = {
			isa = PBXNativeTarget;
			buildConfigurationList = 70917CC32A7833E600D823C6 /* Build configuration list for PBXNativeTarget "Parse Fosquare" */;
			buildPhases = (
				81FCEB7B1635B436F306E142 /* [CP] Check Pods Manifest.lock */,
				70917CA82A7833E500D823C6 /* Sources */,
				70917CA92A7833E500D823C6 /* Frameworks */,
				70917CAA2A7833E500D823C6 /* Resources */,
				F605630C9B5BACE0A084E2B5 /* [CP] Embed Pods Frameworks */,
			);
			buildRules = (
			);
			dependencies = (
			);
			name = "Parse Fosquare";
			productName = "Parse Fosquare";
			productReference = 70917CAC2A7833E500D823C6 /* Parse Fosquare.app */;
			productType = "com.apple.product-type.application";
		};
/* End PBXNativeTarget section */

/* Begin PBXProject section */
		70917CA42A7833E500D823C6 /* Project object */ = {
			isa = PBXProject;
			attributes = {
				BuildIndependentTargetsInParallel = 1;
				LastSwiftUpdateCheck = 1430;
				LastUpgradeCheck = 1430;
				TargetAttributes = {
					70917CAB2A7833E500D823C6 = {
						CreatedOnToolsVersion = 14.3.1;
					};
				};
			};
			buildConfigurationList = 70917CA72A7833E500D823C6 /* Build configuration list for PBXProject "Parse Fosquare" */;
			compatibilityVersion = "Xcode 14.0";
			developmentRegion = en;
			hasScannedForEncodings = 0;
			knownRegions = (
				en,
				Base,
			);
			mainGroup = 70917CA32A7833E500D823C6;
			productRefGroup = 70917CAD2A7833E500D823C6 /* Products */;
			projectDirPath = "";
			projectRoot = "";
			targets = (
				70917CAB2A7833E500D823C6 /* Parse Fosquare */,
			);
		};
/* End PBXProject section */

/* Begin PBXResourcesBuildPhase section */
		70917CAA2A7833E500D823C6 /* Resources */ = {
			isa = PBXResourcesBuildPhase;
			buildActionMask = 2147483647;
			files = (
				70917CBF2A7833E600D823C6 /* LaunchScreen.storyboard in Resources */,
				70917CBC2A7833E600D823C6 /* Assets.xcassets in Resources */,
				70917CB72A7833E500D823C6 /* Main.storyboard in Resources */,
			);
			runOnlyForDeploymentPostprocessing = 0;
		};
/* End PBXResourcesBuildPhase section */

/* Begin PBXShellScriptBuildPhase section */
		81FCEB7B1635B436F306E142 /* [CP] Check Pods Manifest.lock */ = {
			isa = PBXShellScriptBuildPhase;
			buildActionMask = 2147483647;
			files = (
			);
			inputFileListPaths = (
			);
			inputPaths = (
				"${PODS_PODFILE_DIR_PATH}/Podfile.lock",
				"${PODS_ROOT}/Manifest.lock",
			);
			name = "[CP] Check Pods Manifest.lock";
			outputFileListPaths = (
			);
			outputPaths = (
				"$(DERIVED_FILE_DIR)/Pods-Parse Fosquare-checkManifestLockResult.txt",
			);
			runOnlyForDeploymentPostprocessing = 0;
			shellPath = /bin/sh;
			shellScript = "diff \"${PODS_PODFILE_DIR_PATH}/Podfile.lock\" \"${PODS_ROOT}/Manifest.lock\" > /dev/null\nif [ $? != 0 ] ; then\n    # print error to STDERR\n    echo \"error: The sandbox is not in sync with the Podfile.lock. Run 'pod install' or update your CocoaPods installation.\" >&2\n    exit 1\nfi\n# This output is used by Xcode 'outputs' to avoid re-running this script phase.\necho \"SUCCESS\" > \"${SCRIPT_OUTPUT_FILE_0}\"\n";
			showEnvVarsInLog = 0;
		};
		F605630C9B5BACE0A084E2B5 /* [CP] Embed Pods Frameworks */ = {
			isa = PBXShellScriptBuildPhase;
			buildActionMask = 2147483647;
			files = (
			);
			inputFileListPaths = (
				"${PODS_ROOT}/Target Support Files/Pods-Parse Fosquare/Pods-Parse Fosquare-frameworks-${CONFIGURATION}-input-files.xcfilelist",
			);
			name = "[CP] Embed Pods Frameworks";
			outputFileListPaths = (
				"${PODS_ROOT}/Target Support Files/Pods-Parse Fosquare/Pods-Parse Fosquare-frameworks-${CONFIGURATION}-output-files.xcfilelist",
			);
			runOnlyForDeploymentPostprocessing = 0;
			shellPath = /bin/sh;
			shellScript = "\"${PODS_ROOT}/Target Support Files/Pods-Parse Fosquare/Pods-Parse Fosquare-frameworks.sh\"\n";
			showEnvVarsInLog = 0;
		};
/* End PBXShellScriptBuildPhase section */

/* Begin PBXSourcesBuildPhase section */
		70917CA82A7833E500D823C6 /* Sources */ = {
			isa = PBXSourcesBuildPhase;
			buildActionMask = 2147483647;
			files = (
				70C0B2902A99284000FDC1A5 /* addVC.swift in Sources */,
				70917CB42A7833E500D823C6 /* ViewController.swift in Sources */,
				7015050D2A8A8CD300AE31D2 /* HomeVC.swift in Sources */,
				70917CB02A7833E500D823C6 /* AppDelegate.swift in Sources */,
				70917CB22A7833E500D823C6 /* SceneDelegate.swift in Sources */,
				70917CBA2A7833E500D823C6 /* Parse_Fosquare.xcdatamodeld in Sources */,
			);
			runOnlyForDeploymentPostprocessing = 0;
		};
/* End PBXSourcesBuildPhase section */

/* Begin PBXVariantGroup section */
		70917CB52A7833E500D823C6 /* Main.storyboard */ = {
			isa = PBXVariantGroup;
			children = (
				70917CB62A7833E500D823C6 /* Base */,
			);
			name = Main.storyboard;
			sourceTree = "<group>";
		};
		70917CBD2A7833E600D823C6 /* LaunchScreen.storyboard */ = {
			isa = PBXVariantGroup;
			children = (
				70917CBE2A7833E600D823C6 /* Base */,
			);
			name = LaunchScreen.storyboard;
			sourceTree = "<group>";
		};
/* End PBXVariantGroup section */

/* Begin XCBuildConfiguration section */
		70917CC12A7833E600D823C6 /* Debug */ = {
			isa = XCBuildConfiguration;
			buildSettings = {
				ALWAYS_SEARCH_USER_PATHS = NO;
				CLANG_ANALYZER_NONNULL = YES;
				CLANG_ANALYZER_NUMBER_OBJECT_CONVERSION = YES_AGGRESSIVE;
				CLANG_CXX_LANGUAGE_STANDARD = "gnu++20";
				CLANG_ENABLE_MODULES = YES;
				CLANG_ENABLE_OBJC_ARC = YES;
				CLANG_ENABLE_OBJC_WEAK = YES;
				CLANG_WARN_BLOCK_CAPTURE_AUTORELEASING = YES;
				CLANG_WARN_BOOL_CONVERSION = YES;
				CLANG_WARN_COMMA = YES;
				CLANG_WARN_CONSTANT_CONVERSION = YES;
				CLANG_WARN_DEPRECATED_OBJC_IMPLEMENTATIONS = YES;
				CLANG_WARN_DIRECT_OBJC_ISA_USAGE = YES_ERROR;
				CLANG_WARN_DOCUMENTATION_COMMENTS = YES;
				CLANG_WARN_EMPTY_BODY = YES;
				CLANG_WARN_ENUM_CONVERSION = YES;
				CLANG_WARN_INFINITE_RECURSION = YES;
				CLANG_WARN_INT_CONVERSION = YES;
				CLANG_WARN_NON_LITERAL_NULL_CONVERSION = YES;
				CLANG_WARN_OBJC_IMPLICIT_RETAIN_SELF = YES;
				CLANG_WARN_OBJC_LITERAL_CONVERSION = YES;
				CLANG_WARN_OBJC_ROOT_CLASS = YES_ERROR;
				CLANG_WARN_QUOTED_INCLUDE_IN_FRAMEWORK_HEADER = YES;
				CLANG_WARN_RANGE_LOOP_ANALYSIS = YES;
				CLANG_WARN_STRICT_PROTOTYPES = YES;
				CLANG_WARN_SUSPICIOUS_MOVE = YES;
				CLANG_WARN_UNGUARDED_AVAILABILITY = YES_AGGRESSIVE;
				CLANG_WARN_UNREACHABLE_CODE = YES;
				CLANG_WARN__DUPLICATE_METHOD_MATCH = YES;
				COPY_PHASE_STRIP = NO;
				DEBUG_INFORMATION_FORMAT = dwarf;
				ENABLE_STRICT_OBJC_MSGSEND = YES;
				ENABLE_TESTABILITY = YES;
				GCC_C_LANGUAGE_STANDARD = gnu11;
				GCC_DYNAMIC_NO_PIC = NO;
				GCC_NO_COMMON_BLOCKS = YES;
				GCC_OPTIMIZATION_LEVEL = 0;
				GCC_PREPROCESSOR_DEFINITIONS = (
					"DEBUG=1",
					"$(inherited)",
				);
				GCC_WARN_64_TO_32_BIT_CONVERSION = YES;
				GCC_WARN_ABOUT_RETURN_TYPE = YES_ERROR;
				GCC_WARN_UNDECLARED_SELECTOR = YES;
				GCC_WARN_UNINITIALIZED_AUTOS = YES_AGGRESSIVE;
				GCC_WARN_UNUSED_FUNCTION = YES;
				GCC_WARN_UNUSED_VARIABLE = YES;
				IPHONEOS_DEPLOYMENT_TARGET = 16.4;
				MTL_ENABLE_DEBUG_INFO = INCLUDE_SOURCE;
				MTL_FAST_MATH = YES;
				ONLY_ACTIVE_ARCH = YES;
				SDKROOT = iphoneos;
				SWIFT_ACTIVE_COMPILATION_CONDITIONS = DEBUG;
				SWIFT_OPTIMIZATION_LEVEL = "-Onone";
			};
			name = Debug;
		};
		70917CC22A7833E600D823C6 /* Release */ = {
			isa = XCBuildConfiguration;
			buildSettings = {
				ALWAYS_SEARCH_USER_PATHS = NO;
				CLANG_ANALYZER_NONNULL = YES;
				CLANG_ANALYZER_NUMBER_OBJECT_CONVERSION = YES_AGGRESSIVE;
				CLANG_CXX_LANGUAGE_STANDARD = "gnu++20";
				CLANG_ENABLE_MODULES = YES;
				CLANG_ENABLE_OBJC_ARC = YES;
				CLANG_ENABLE_OBJC_WEAK = YES;
				CLANG_WARN_BLOCK_CAPTURE_AUTORELEASING = YES;
				CLANG_WARN_BOOL_CONVERSION = YES;
				CLANG_WARN_COMMA = YES;
				CLANG_WARN_CONSTANT_CONVERSION = YES;
				CLANG_WARN_DEPRECATED_OBJC_IMPLEMENTATIONS = YES;
				CLANG_WARN_DIRECT_OBJC_ISA_USAGE = YES_ERROR;
				CLANG_WARN_DOCUMENTATION_COMMENTS = YES;
				CLANG_WARN_EMPTY_BODY = YES;
				CLANG_WARN_ENUM_CONVERSION = YES;
				CLANG_WARN_INFINITE_RECURSION = YES;
				CLANG_WARN_INT_CONVERSION = YES;
				CLANG_WARN_NON_LITERAL_NULL_CONVERSION = YES;
				CLANG_WARN_OBJC_IMPLICIT_RETAIN_SELF = YES;
				CLANG_WARN_OBJC_LITERAL_CONVERSION = YES;
				CLANG_WARN_OBJC_ROOT_CLASS = YES_ERROR;
				CLANG_WARN_QUOTED_INCLUDE_IN_FRAMEWORK_HEADER = YES;
				CLANG_WARN_RANGE_LOOP_ANALYSIS = YES;
				CLANG_WARN_STRICT_PROTOTYPES = YES;
				CLANG_WARN_SUSPICIOUS_MOVE = YES;
				CLANG_WARN_UNGUARDED_AVAILABILITY = YES_AGGRESSIVE;
				CLANG_WARN_UNREACHABLE_CODE = YES;
				CLANG_WARN__DUPLICATE_METHOD_MATCH = YES;
				COPY_PHASE_STRIP = NO;
				DEBUG_INFORMATION_FORMAT = "dwarf-with-dsym";
				ENABLE_NS_ASSERTIONS = NO;
				ENABLE_STRICT_OBJC_MSGSEND = YES;
				GCC_C_LANGUAGE_STANDARD = gnu11;
				GCC_NO_COMMON_BLOCKS = YES;
				GCC_WARN_64_TO_32_BIT_CONVERSION = YES;
				GCC_WARN_ABOUT_RETURN_TYPE = YES_ERROR;
				GCC_WARN_UNDECLARED_SELECTOR = YES;
				GCC_WARN_UNINITIALIZED_AUTOS = YES_AGGRESSIVE;
				GCC_WARN_UNUSED_FUNCTION = YES;
				GCC_WARN_UNUSED_VARIABLE = YES;
				IPHONEOS_DEPLOYMENT_TARGET = 16.4;
				MTL_ENABLE_DEBUG_INFO = NO;
				MTL_FAST_MATH = YES;
				SDKROOT = iphoneos;
				SWIFT_COMPILATION_MODE = wholemodule;
				SWIFT_OPTIMIZATION_LEVEL = "-O";
				VALIDATE_PRODUCT = YES;
			};
			name = Release;
		};
		70917CC42A7833E600D823C6 /* Debug */ = {
			isa = XCBuildConfiguration;
			baseConfigurationReference = 6C9E2453035125981C86B5F1 /* Pods-Parse Fosquare.debug.xcconfig */;
			buildSettings = {
				ASSETCATALOG_COMPILER_APPICON_NAME = AppIcon;
				ASSETCATALOG_COMPILER_GLOBAL_ACCENT_COLOR_NAME = AccentColor;
				CODE_SIGN_STYLE = Automatic;
				CURRENT_PROJECT_VERSION = 1;
				DEVELOPMENT_TEAM = UM72S4X4DC;
				GENERATE_INFOPLIST_FILE = YES;
				INFOPLIST_FILE = "Parse Fosquare/Info.plist";
				INFOPLIST_KEY_UIApplicationSupportsIndirectInputEvents = YES;
				INFOPLIST_KEY_UILaunchStoryboardName = LaunchScreen;
				INFOPLIST_KEY_UIMainStoryboardFile = Main;
				INFOPLIST_KEY_UISupportedInterfaceOrientations_iPad = "UIInterfaceOrientationPortrait UIInterfaceOrientationPortraitUpsideDown UIInterfaceOrientationLandscapeLeft UIInterfaceOrientationLandscapeRight";
				INFOPLIST_KEY_UISupportedInterfaceOrientations_iPhone = "UIInterfaceOrientationPortrait UIInterfaceOrientationLandscapeLeft UIInterfaceOrientationLandscapeRight";
				LD_RUNPATH_SEARCH_PATHS = (
					"$(inherited)",
					"@executable_path/Frameworks",
				);
				MARKETING_VERSION = 1.0;
				PRODUCT_BUNDLE_IDENTIFIER = "com.erenkorkmaz.Parse-Fosquare";
				PRODUCT_NAME = "$(TARGET_NAME)";
				SWIFT_EMIT_LOC_STRINGS = YES;
				SWIFT_VERSION = 5.0;
				TARGETED_DEVICE_FAMILY = "1,2";
			};
			name = Debug;
		};
		70917CC52A7833E600D823C6 /* Release */ = {
			isa = XCBuildConfiguration;
			baseConfigurationReference = E9774B29B559F99F3B7F1D57 /* Pods-Parse Fosquare.release.xcconfig */;
			buildSettings = {
				ASSETCATALOG_COMPILER_APPICON_NAME = AppIcon;
				ASSETCATALOG_COMPILER_GLOBAL_ACCENT_COLOR_NAME = AccentColor;
				CODE_SIGN_STYLE = Automatic;
				CURRENT_PROJECT_VERSION = 1;
				DEVELOPMENT_TEAM = UM72S4X4DC;
				GENERATE_INFOPLIST_FILE = YES;
				INFOPLIST_FILE = "Parse Fosquare/Info.plist";
				INFOPLIST_KEY_UIApplicationSupportsIndirectInputEvents = YES;
				INFOPLIST_KEY_UILaunchStoryboardName = LaunchScreen;
				INFOPLIST_KEY_UIMainStoryboardFile = Main;
				INFOPLIST_KEY_UISupportedInterfaceOrientations_iPad = "UIInterfaceOrientationPortrait UIInterfaceOrientationPortraitUpsideDown UIInterfaceOrientationLandscapeLeft UIInterfaceOrientationLandscapeRight";
				INFOPLIST_KEY_UISupportedInterfaceOrientations_iPhone = "UIInterfaceOrientationPortrait UIInterfaceOrientationLandscapeLeft UIInterfaceOrientationLandscapeRight";
				LD_RUNPATH_SEARCH_PATHS = (
					"$(inherited)",
					"@executable_path/Frameworks",
				);
				MARKETING_VERSION = 1.0;
				PRODUCT_BUNDLE_IDENTIFIER = "com.erenkorkmaz.Parse-Fosquare";
				PRODUCT_NAME = "$(TARGET_NAME)";
				SWIFT_EMIT_LOC_STRINGS = YES;
				SWIFT_VERSION = 5.0;
				TARGETED_DEVICE_FAMILY = "1,2";
			};
			name = Release;
		};
/* End XCBuildConfiguration section */

/* Begin XCConfigurationList section */
		70917CA72A7833E500D823C6 /* Build configuration list for PBXProject "Parse Fosquare" */ = {
			isa = XCConfigurationList;
			buildConfigurations = (
				70917CC12A7833E600D823C6 /* Debug */,
				70917CC22A7833E600D823C6 /* Release */,
			);
			defaultConfigurationIsVisible = 0;
			defaultConfigurationName = Release;
		};
		70917CC32A7833E600D823C6 /* Build configuration list for PBXNativeTarget "Parse Fosquare" */ = {
			isa = XCConfigurationList;
			buildConfigurations = (
				70917CC42A7833E600D823C6 /* Debug */,
				70917CC52A7833E600D823C6 /* Release */,
			);
			defaultConfigurationIsVisible = 0;
			defaultConfigurationName = Release;
		};
/* End XCConfigurationList section */

/* Begin XCVersionGroup section */
		70917CB82A7833E500D823C6 /* Parse_Fosquare.xcdatamodeld */ = {
			isa = XCVersionGroup;
			children = (
				70917CB92A7833E500D823C6 /* Parse_Fosquare.xcdatamodel */,
			);
			currentVersion = 70917CB92A7833E500D823C6 /* Parse_Fosquare.xcdatamodel */;
			path = Parse_Fosquare.xcdatamodeld;
			sourceTree = "<group>";
			versionGroupType = wrapper.xcdatamodel;
		};
/* End XCVersionGroup section */
	};
	rootObject = 70917CA42A7833E500D823C6 /* Project object */;
}
